
Microsoft Visual Studio Solution File, Format Version 12.00
# Visual Studio Version 16
VisualStudioVersion = 16.0.29519.181
MinimumVisualStudioVersion = 10.0.40219.1
Project("{FAE04EC0-301F-11D3-BF4B-00C04F79EFBC}") = "TestSpecflowSpecRunner", "TestSpecflowSpecRunner\TestSpecflowSpecRunner.csproj", "{76C8EEAF-B6E1-4896-84D3-26E411D34983}"
EndProject
Global
	GlobalSection(SolutionConfigurationPlatforms) = preSolution
		Debug|Any CPU = Debug|Any CPU
		Release|Any CPU = Release|Any CPU
	EndGlobalSection
	GlobalSection(ProjectConfigurationPlatforms) = postSolution
		{76C8EEAF-B6E1-4896-84D3-26E411D34983}.Debug|Any CPU.ActiveCfg = Debug|Any CPU
		{76C8EEAF-B6E1-4896-84D3-26E411D34983}.Debug|Any CPU.Build.0 = Debug|Any CPU
		{76C8EEAF-B6E1-4896-84D3-26E411D34983}.Release|Any CPU.ActiveCfg = Release|Any CPU
		{76C8EEAF-B6E1-4896-84D3-26E411D34983}.Release|Any CPU.Build.0 = Release|Any CPU
	EndGlobalSection
	GlobalSection(SolutionProperties) = preSolution
		HideSolutionNode = FALSE
	EndGlobalSection
	GlobalSection(ExtensibilityGlobals) = postSolution
		SolutionGuid = {E8CD71CF-0A79-4D9E-A674-F236EAF2260F}
	EndGlobalSection
EndGlobal
